
Microsoft Visual Studio Solution File, Format Version 12.00
# Visual Studio Version 16
VisualStudioVersion = 16.0.30621.155
MinimumVisualStudioVersion = 10.0.40219.1
Project("{8BC9CEB8-8B4A-11D0-8D11-00A0C91BC942}") = "boj2110", "boj2110.vcxproj", "{750EC3D3-6D8B-4FC4-9615-19D8149DAAC6}"
EndProject
Global
	GlobalSection(SolutionConfigurationPlatforms) = preSolution
		Debug|x64 = Debug|x64
		Debug|x86 = Debug|x86
		Release|x64 = Release|x64
		Release|x86 = Release|x86
	EndGlobalSection
	GlobalSection(ProjectConfigurationPlatforms) = postSolution
		{750EC3D3-6D8B-4FC4-9615-19D8149DAAC6}.Debug|x64.ActiveCfg = Debug|x64
		{750EC3D3-6D8B-4FC4-9615-19D8149DAAC6}.Debug|x64.Build.0 = Debug|x64
		{750EC3D3-6D8B-4FC4-9615-19D8149DAAC6}.Debug|x86.ActiveCfg = Debug|Win32
		{750EC3D3-6D8B-4FC4-9615-19D8149DAAC6}.Debug|x86.Build.0 = Debug|Win32
		{750EC3D3-6D8B-4FC4-9615-19D8149DAAC6}.Release|x64.ActiveCfg = Release|x64
		{750EC3D3-6D8B-4FC4-9615-19D8149DAAC6}.Release|x64.Build.0 = Release|x64
		{750EC3D3-6D8B-4FC4-9615-19D8149DAAC6}.Release|x86.ActiveCfg = Release|Win32
		{750EC3D3-6D8B-4FC4-9615-19D8149DAAC6}.Release|x86.Build.0 = Release|Win32
	EndGlobalSection
	GlobalSection(SolutionProperties) = preSolution
		HideSolutionNode = FALSE
	EndGlobalSection
	GlobalSection(ExtensibilityGlobals) = postSolution
		SolutionGuid = {368FA2D5-F2C9-4E1C-8247-01E139AB97B6}
	EndGlobalSection
EndGlobal
