
Microsoft Visual Studio Solution File, Format Version 12.00
# Visual Studio Version 16
VisualStudioVersion = 16.0.33529.622
MinimumVisualStudioVersion = 10.0.40219.1
Project("{8BC9CEB8-8B4A-11D0-8D11-00A0C91BC942}") = "boj1916", "boj1916\boj1916.vcxproj", "{9C452C31-3ED2-43EA-84FC-DC93A2A99C37}"
EndProject
Global
	GlobalSection(SolutionConfigurationPlatforms) = preSolution
		Debug|x64 = Debug|x64
		Debug|x86 = Debug|x86
		Release|x64 = Release|x64
		Release|x86 = Release|x86
	EndGlobalSection
	GlobalSection(ProjectConfigurationPlatforms) = postSolution
		{9C452C31-3ED2-43EA-84FC-DC93A2A99C37}.Debug|x64.ActiveCfg = Debug|x64
		{9C452C31-3ED2-43EA-84FC-DC93A2A99C37}.Debug|x64.Build.0 = Debug|x64
		{9C452C31-3ED2-43EA-84FC-DC93A2A99C37}.Debug|x86.ActiveCfg = Debug|Win32
		{9C452C31-3ED2-43EA-84FC-DC93A2A99C37}.Debug|x86.Build.0 = Debug|Win32
		{9C452C31-3ED2-43EA-84FC-DC93A2A99C37}.Release|x64.ActiveCfg = Release|x64
		{9C452C31-3ED2-43EA-84FC-DC93A2A99C37}.Release|x64.Build.0 = Release|x64
		{9C452C31-3ED2-43EA-84FC-DC93A2A99C37}.Release|x86.ActiveCfg = Release|Win32
		{9C452C31-3ED2-43EA-84FC-DC93A2A99C37}.Release|x86.Build.0 = Release|Win32
	EndGlobalSection
	GlobalSection(SolutionProperties) = preSolution
		HideSolutionNode = FALSE
	EndGlobalSection
	GlobalSection(ExtensibilityGlobals) = postSolution
		SolutionGuid = {DDF6D649-383D-4102-880A-CE07BBEE3F46}
	EndGlobalSection
EndGlobal
