
Microsoft Visual Studio Solution File, Format Version 12.00
# Visual Studio Version 16
VisualStudioVersion = 16.0.30621.155
MinimumVisualStudioVersion = 10.0.40219.1
Project("{8BC9CEB8-8B4A-11D0-8D11-00A0C91BC942}") = "baek15651", "baek15651\baek15651.vcxproj", "{CB077A79-7995-4982-9526-AD745A268759}"
EndProject
Global
	GlobalSection(SolutionConfigurationPlatforms) = preSolution
		Debug|x64 = Debug|x64
		Debug|x86 = Debug|x86
		Release|x64 = Release|x64
		Release|x86 = Release|x86
	EndGlobalSection
	GlobalSection(ProjectConfigurationPlatforms) = postSolution
		{CB077A79-7995-4982-9526-AD745A268759}.Debug|x64.ActiveCfg = Debug|x64
		{CB077A79-7995-4982-9526-AD745A268759}.Debug|x64.Build.0 = Debug|x64
		{CB077A79-7995-4982-9526-AD745A268759}.Debug|x86.ActiveCfg = Debug|Win32
		{CB077A79-7995-4982-9526-AD745A268759}.Debug|x86.Build.0 = Debug|Win32
		{CB077A79-7995-4982-9526-AD745A268759}.Release|x64.ActiveCfg = Release|x64
		{CB077A79-7995-4982-9526-AD745A268759}.Release|x64.Build.0 = Release|x64
		{CB077A79-7995-4982-9526-AD745A268759}.Release|x86.ActiveCfg = Release|Win32
		{CB077A79-7995-4982-9526-AD745A268759}.Release|x86.Build.0 = Release|Win32
	EndGlobalSection
	GlobalSection(SolutionProperties) = preSolution
		HideSolutionNode = FALSE
	EndGlobalSection
	GlobalSection(ExtensibilityGlobals) = postSolution
		SolutionGuid = {7DC50D10-16DB-43D8-9E96-410709E34226}
	EndGlobalSection
EndGlobal
