
Microsoft Visual Studio Solution File, Format Version 12.00
# Visual Studio Version 17
VisualStudioVersion = 17.7.34024.191
MinimumVisualStudioVersion = 10.0.40219.1
Project("{8BC9CEB8-8B4A-11D0-8D11-00A0C91BC942}") = "boj11403", "boj11403\boj11403.vcxproj", "{E50678A4-8BCB-4007-8107-E11BD5FEDDCB}"
EndProject
Global
	GlobalSection(SolutionConfigurationPlatforms) = preSolution
		Debug|x64 = Debug|x64
		Debug|x86 = Debug|x86
		Release|x64 = Release|x64
		Release|x86 = Release|x86
	EndGlobalSection
	GlobalSection(ProjectConfigurationPlatforms) = postSolution
		{E50678A4-8BCB-4007-8107-E11BD5FEDDCB}.Debug|x64.ActiveCfg = Debug|x64
		{E50678A4-8BCB-4007-8107-E11BD5FEDDCB}.Debug|x64.Build.0 = Debug|x64
		{E50678A4-8BCB-4007-8107-E11BD5FEDDCB}.Debug|x86.ActiveCfg = Debug|Win32
		{E50678A4-8BCB-4007-8107-E11BD5FEDDCB}.Debug|x86.Build.0 = Debug|Win32
		{E50678A4-8BCB-4007-8107-E11BD5FEDDCB}.Release|x64.ActiveCfg = Release|x64
		{E50678A4-8BCB-4007-8107-E11BD5FEDDCB}.Release|x64.Build.0 = Release|x64
		{E50678A4-8BCB-4007-8107-E11BD5FEDDCB}.Release|x86.ActiveCfg = Release|Win32
		{E50678A4-8BCB-4007-8107-E11BD5FEDDCB}.Release|x86.Build.0 = Release|Win32
	EndGlobalSection
	GlobalSection(SolutionProperties) = preSolution
		HideSolutionNode = FALSE
	EndGlobalSection
	GlobalSection(ExtensibilityGlobals) = postSolution
		SolutionGuid = {532D96AD-8936-4B96-8114-AE7D157BBAD5}
	EndGlobalSection
EndGlobal
