
Microsoft Visual Studio Solution File, Format Version 12.00
# Visual Studio Version 16
VisualStudioVersion = 16.0.30621.155
MinimumVisualStudioVersion = 10.0.40219.1
Project("{8BC9CEB8-8B4A-11D0-8D11-00A0C91BC942}") = "boj2108", "boj2108.vcxproj", "{637ABF55-F8CB-41E5-AFFA-4F64A21E06AB}"
EndProject
Global
	GlobalSection(SolutionConfigurationPlatforms) = preSolution
		Debug|x64 = Debug|x64
		Debug|x86 = Debug|x86
		Release|x64 = Release|x64
		Release|x86 = Release|x86
	EndGlobalSection
	GlobalSection(ProjectConfigurationPlatforms) = postSolution
		{637ABF55-F8CB-41E5-AFFA-4F64A21E06AB}.Debug|x64.ActiveCfg = Debug|x64
		{637ABF55-F8CB-41E5-AFFA-4F64A21E06AB}.Debug|x64.Build.0 = Debug|x64
		{637ABF55-F8CB-41E5-AFFA-4F64A21E06AB}.Debug|x86.ActiveCfg = Debug|Win32
		{637ABF55-F8CB-41E5-AFFA-4F64A21E06AB}.Debug|x86.Build.0 = Debug|Win32
		{637ABF55-F8CB-41E5-AFFA-4F64A21E06AB}.Release|x64.ActiveCfg = Release|x64
		{637ABF55-F8CB-41E5-AFFA-4F64A21E06AB}.Release|x64.Build.0 = Release|x64
		{637ABF55-F8CB-41E5-AFFA-4F64A21E06AB}.Release|x86.ActiveCfg = Release|Win32
		{637ABF55-F8CB-41E5-AFFA-4F64A21E06AB}.Release|x86.Build.0 = Release|Win32
	EndGlobalSection
	GlobalSection(SolutionProperties) = preSolution
		HideSolutionNode = FALSE
	EndGlobalSection
	GlobalSection(ExtensibilityGlobals) = postSolution
		SolutionGuid = {7EEAB1B4-EDAA-4A67-8904-7B6CF0B74D3F}
	EndGlobalSection
EndGlobal
