
Microsoft Visual Studio Solution File, Format Version 12.00
# Visual Studio Version 16
VisualStudioVersion = 16.0.30621.155
MinimumVisualStudioVersion = 10.0.40219.1
Project("{8BC9CEB8-8B4A-11D0-8D11-00A0C91BC942}") = "cppthur0318", "cppthur0318\cppthur0318.vcxproj", "{E7A5FEF1-095F-450B-B685-89BFC50628FA}"
EndProject
Global
	GlobalSection(SolutionConfigurationPlatforms) = preSolution
		Debug|x64 = Debug|x64
		Debug|x86 = Debug|x86
		Release|x64 = Release|x64
		Release|x86 = Release|x86
	EndGlobalSection
	GlobalSection(ProjectConfigurationPlatforms) = postSolution
		{E7A5FEF1-095F-450B-B685-89BFC50628FA}.Debug|x64.ActiveCfg = Debug|x64
		{E7A5FEF1-095F-450B-B685-89BFC50628FA}.Debug|x64.Build.0 = Debug|x64
		{E7A5FEF1-095F-450B-B685-89BFC50628FA}.Debug|x86.ActiveCfg = Debug|Win32
		{E7A5FEF1-095F-450B-B685-89BFC50628FA}.Debug|x86.Build.0 = Debug|Win32
		{E7A5FEF1-095F-450B-B685-89BFC50628FA}.Release|x64.ActiveCfg = Release|x64
		{E7A5FEF1-095F-450B-B685-89BFC50628FA}.Release|x64.Build.0 = Release|x64
		{E7A5FEF1-095F-450B-B685-89BFC50628FA}.Release|x86.ActiveCfg = Release|Win32
		{E7A5FEF1-095F-450B-B685-89BFC50628FA}.Release|x86.Build.0 = Release|Win32
	EndGlobalSection
	GlobalSection(SolutionProperties) = preSolution
		HideSolutionNode = FALSE
	EndGlobalSection
	GlobalSection(ExtensibilityGlobals) = postSolution
		SolutionGuid = {434B1C8C-BC74-4A3C-9597-8E80316C53A7}
	EndGlobalSection
EndGlobal
