
Microsoft Visual Studio Solution File, Format Version 12.00
# Visual Studio Version 17
VisualStudioVersion = 17.9.34728.123
MinimumVisualStudioVersion = 10.0.40219.1
Project("{8BC9CEB8-8B4A-11D0-8D11-00A0C91BC942}") = "boj14284", "boj14284\boj14284.vcxproj", "{5834BB09-0FFF-443B-8148-112E1822718E}"
EndProject
Global
	GlobalSection(SolutionConfigurationPlatforms) = preSolution
		Debug|x64 = Debug|x64
		Debug|x86 = Debug|x86
		Release|x64 = Release|x64
		Release|x86 = Release|x86
	EndGlobalSection
	GlobalSection(ProjectConfigurationPlatforms) = postSolution
		{5834BB09-0FFF-443B-8148-112E1822718E}.Debug|x64.ActiveCfg = Debug|x64
		{5834BB09-0FFF-443B-8148-112E1822718E}.Debug|x64.Build.0 = Debug|x64
		{5834BB09-0FFF-443B-8148-112E1822718E}.Debug|x86.ActiveCfg = Debug|Win32
		{5834BB09-0FFF-443B-8148-112E1822718E}.Debug|x86.Build.0 = Debug|Win32
		{5834BB09-0FFF-443B-8148-112E1822718E}.Release|x64.ActiveCfg = Release|x64
		{5834BB09-0FFF-443B-8148-112E1822718E}.Release|x64.Build.0 = Release|x64
		{5834BB09-0FFF-443B-8148-112E1822718E}.Release|x86.ActiveCfg = Release|Win32
		{5834BB09-0FFF-443B-8148-112E1822718E}.Release|x86.Build.0 = Release|Win32
	EndGlobalSection
	GlobalSection(SolutionProperties) = preSolution
		HideSolutionNode = FALSE
	EndGlobalSection
	GlobalSection(ExtensibilityGlobals) = postSolution
		SolutionGuid = {2F47F188-7BEB-485D-AB3B-C8913735B38A}
	EndGlobalSection
EndGlobal
